# This file is generated by running "yarn install" inside your project.
# Manual changes might be lost - proceed with caution!

__metadata:
  version: 6
  cacheKey: 8

"@aws-crypto/crc32@npm:3.0.0":
  version: 3.0.0
  resolution: "@aws-crypto/crc32@npm:3.0.0"
  dependencies:
    "@aws-crypto/util": ^3.0.0
    "@aws-sdk/types": ^3.222.0
    tslib: ^1.11.1
  checksum: 9fdb3e837fc54119b017ea34fd0a6d71d2c88075d99e1e818a5158e0ad30ced67ddbcc423a11ceeef6cc465ab5ffd91830acab516470b48237ca7abd51be9642
  languageName: node
  linkType: hard

"@aws-crypto/ie11-detection@npm:^3.0.0":
  version: 3.0.0
  resolution: "@aws-crypto/ie11-detection@npm:3.0.0"
  dependencies:
    tslib: ^1.11.1
  checksum: 299b2ddd46eddac1f2d54d91386ceb37af81aef8a800669281c73d634ed17fd855dcfb8b3157f2879344b93a2666a6d602550eb84b71e4d7868100ad6da8f803
  languageName: node
  linkType: hard

"@aws-crypto/sha256-browser@npm:3.0.0":
  version: 3.0.0
  resolution: "@aws-crypto/sha256-browser@npm:3.0.0"
  dependencies:
    "@aws-crypto/ie11-detection": ^3.0.0
    "@aws-crypto/sha256-js": ^3.0.0
    "@aws-crypto/supports-web-crypto": ^3.0.0
    "@aws-crypto/util": ^3.0.0
    "@aws-sdk/types": ^3.222.0
    "@aws-sdk/util-locate-window": ^3.0.0
    "@aws-sdk/util-utf8-browser": ^3.0.0
    tslib: ^1.11.1
  checksum: ca89456bf508db2e08060a7f656460db97ac9a15b11e39d6fa7665e2b156508a1758695bff8e82d0a00178d6ac5c36f35eb4bcfac2e48621265224ca14a19bd2
  languageName: node
  linkType: hard

"@aws-crypto/sha256-js@npm:3.0.0, @aws-crypto/sha256-js@npm:^3.0.0":
  version: 3.0.0
  resolution: "@aws-crypto/sha256-js@npm:3.0.0"
  dependencies:
    "@aws-crypto/util": ^3.0.0
    "@aws-sdk/types": ^3.222.0
    tslib: ^1.11.1
  checksum: 644ded32ea310237811afae873d3c7320739cb6f6cc39dced9c94801379e68e5ee2cca0c34f0384793fa9e750a7e0a5e2468f95754bd08e6fd72ab833c8fe23c
  languageName: node
  linkType: hard

"@aws-crypto/supports-web-crypto@npm:^3.0.0":
  version: 3.0.0
  resolution: "@aws-crypto/supports-web-crypto@npm:3.0.0"
  dependencies:
    tslib: ^1.11.1
  checksum: 35479a1558db9e9a521df6877a99f95670e972c602f2a0349303477e5d638a5baf569fb037c853710e382086e6fd77e8ed58d3fb9b49f6e1186a9d26ce7be006
  languageName: node
  linkType: hard

"@aws-crypto/util@npm:^3.0.0":
  version: 3.0.0
  resolution: "@aws-crypto/util@npm:3.0.0"
  dependencies:
    "@aws-sdk/types": ^3.222.0
    "@aws-sdk/util-utf8-browser": ^3.0.0
    tslib: ^1.11.1
  checksum: d29d5545048721aae3d60b236708535059733019a105f8a64b4e4a8eab7cf8dde1546dc56bff7de20d36140a4d1f0f4693e639c5732a7059273a7b1e56354776
  languageName: node
  linkType: hard

"@aws-sdk/client-dynamodb@npm:^3.405.0":
  version: 3.405.0
  resolution: "@aws-sdk/client-dynamodb@npm:3.405.0"
  dependencies:
    "@aws-crypto/sha256-browser": 3.0.0
    "@aws-crypto/sha256-js": 3.0.0
    "@aws-sdk/client-sts": 3.405.0
    "@aws-sdk/credential-provider-node": 3.405.0
    "@aws-sdk/middleware-endpoint-discovery": 3.405.0
    "@aws-sdk/middleware-host-header": 3.398.0
    "@aws-sdk/middleware-logger": 3.398.0
    "@aws-sdk/middleware-recursion-detection": 3.398.0
    "@aws-sdk/middleware-signing": 3.398.0
    "@aws-sdk/middleware-user-agent": 3.398.0
    "@aws-sdk/types": 3.398.0
    "@aws-sdk/util-endpoints": 3.398.0
    "@aws-sdk/util-user-agent-browser": 3.398.0
    "@aws-sdk/util-user-agent-node": 3.405.0
    "@smithy/config-resolver": ^2.0.5
    "@smithy/fetch-http-handler": ^2.0.5
    "@smithy/hash-node": ^2.0.5
    "@smithy/invalid-dependency": ^2.0.5
    "@smithy/middleware-content-length": ^2.0.5
    "@smithy/middleware-endpoint": ^2.0.5
    "@smithy/middleware-retry": ^2.0.5
    "@smithy/middleware-serde": ^2.0.5
    "@smithy/middleware-stack": ^2.0.0
    "@smithy/node-config-provider": ^2.0.6
    "@smithy/node-http-handler": ^2.0.5
    "@smithy/protocol-http": ^2.0.5
    "@smithy/smithy-client": ^2.0.5
    "@smithy/types": ^2.2.2
    "@smithy/url-parser": ^2.0.5
    "@smithy/util-base64": ^2.0.0
    "@smithy/util-body-length-browser": ^2.0.0
    "@smithy/util-body-length-node": ^2.1.0
    "@smithy/util-defaults-mode-browser": ^2.0.6
    "@smithy/util-defaults-mode-node": ^2.0.6
    "@smithy/util-retry": ^2.0.0
    "@smithy/util-utf8": ^2.0.0
    "@smithy/util-waiter": ^2.0.5
    tslib: ^2.5.0
    uuid: ^8.3.2
  checksum: c6c073aaad24159a12ee88487046e1594d43bdc1f66231b2af1b37d363d52e4c90d7f99e88ddcae02d3497ce6c3a28df8d50e049d03d12676510710d5122c436
  languageName: node
  linkType: hard

"@aws-sdk/client-sso@npm:3.405.0":
  version: 3.405.0
  resolution: "@aws-sdk/client-sso@npm:3.405.0"
  dependencies:
    "@aws-crypto/sha256-browser": 3.0.0
    "@aws-crypto/sha256-js": 3.0.0
    "@aws-sdk/middleware-host-header": 3.398.0
    "@aws-sdk/middleware-logger": 3.398.0
    "@aws-sdk/middleware-recursion-detection": 3.398.0
    "@aws-sdk/middleware-user-agent": 3.398.0
    "@aws-sdk/types": 3.398.0
    "@aws-sdk/util-endpoints": 3.398.0
    "@aws-sdk/util-user-agent-browser": 3.398.0
    "@aws-sdk/util-user-agent-node": 3.405.0
    "@smithy/config-resolver": ^2.0.5
    "@smithy/fetch-http-handler": ^2.0.5
    "@smithy/hash-node": ^2.0.5
    "@smithy/invalid-dependency": ^2.0.5
    "@smithy/middleware-content-length": ^2.0.5
    "@smithy/middleware-endpoint": ^2.0.5
    "@smithy/middleware-retry": ^2.0.5
    "@smithy/middleware-serde": ^2.0.5
    "@smithy/middleware-stack": ^2.0.0
    "@smithy/node-config-provider": ^2.0.6
    "@smithy/node-http-handler": ^2.0.5
    "@smithy/protocol-http": ^2.0.5
    "@smithy/smithy-client": ^2.0.5
    "@smithy/types": ^2.2.2
    "@smithy/url-parser": ^2.0.5
    "@smithy/util-base64": ^2.0.0
    "@smithy/util-body-length-browser": ^2.0.0
    "@smithy/util-body-length-node": ^2.1.0
    "@smithy/util-defaults-mode-browser": ^2.0.6
    "@smithy/util-defaults-mode-node": ^2.0.6
    "@smithy/util-retry": ^2.0.0
    "@smithy/util-utf8": ^2.0.0
    tslib: ^2.5.0
  checksum: ec4fd5cf3d76ef5b8fdd815c58070a924c98fffb7b8228d409d009ce9596851bd54aa7d1f9f3528972f377c596363243a2d3fed5fc62d336751b99bebfd0363f
  languageName: node
  linkType: hard

"@aws-sdk/client-sts@npm:3.405.0":
  version: 3.405.0
  resolution: "@aws-sdk/client-sts@npm:3.405.0"
  dependencies:
    "@aws-crypto/sha256-browser": 3.0.0
    "@aws-crypto/sha256-js": 3.0.0
    "@aws-sdk/credential-provider-node": 3.405.0
    "@aws-sdk/middleware-host-header": 3.398.0
    "@aws-sdk/middleware-logger": 3.398.0
    "@aws-sdk/middleware-recursion-detection": 3.398.0
    "@aws-sdk/middleware-sdk-sts": 3.398.0
    "@aws-sdk/middleware-signing": 3.398.0
    "@aws-sdk/middleware-user-agent": 3.398.0
    "@aws-sdk/types": 3.398.0
    "@aws-sdk/util-endpoints": 3.398.0
    "@aws-sdk/util-user-agent-browser": 3.398.0
    "@aws-sdk/util-user-agent-node": 3.405.0
    "@smithy/config-resolver": ^2.0.5
    "@smithy/fetch-http-handler": ^2.0.5
    "@smithy/hash-node": ^2.0.5
    "@smithy/invalid-dependency": ^2.0.5
    "@smithy/middleware-content-length": ^2.0.5
    "@smithy/middleware-endpoint": ^2.0.5
    "@smithy/middleware-retry": ^2.0.5
    "@smithy/middleware-serde": ^2.0.5
    "@smithy/middleware-stack": ^2.0.0
    "@smithy/node-config-provider": ^2.0.6
    "@smithy/node-http-handler": ^2.0.5
    "@smithy/protocol-http": ^2.0.5
    "@smithy/smithy-client": ^2.0.5
    "@smithy/types": ^2.2.2
    "@smithy/url-parser": ^2.0.5
    "@smithy/util-base64": ^2.0.0
    "@smithy/util-body-length-browser": ^2.0.0
    "@smithy/util-body-length-node": ^2.1.0
    "@smithy/util-defaults-mode-browser": ^2.0.6
    "@smithy/util-defaults-mode-node": ^2.0.6
    "@smithy/util-retry": ^2.0.0
    "@smithy/util-utf8": ^2.0.0
    fast-xml-parser: 4.2.5
    tslib: ^2.5.0
  checksum: f835c95a43100963afe3aea2afb0c0a124191fb9b6cd373a1b61f98287f8637efa08d2caeadb05cf5f85843a4397933e05fe8c63a1d39d0b4829341f972c41bc
  languageName: node
  linkType: hard

"@aws-sdk/credential-provider-env@npm:3.398.0":
  version: 3.398.0
  resolution: "@aws-sdk/credential-provider-env@npm:3.398.0"
  dependencies:
    "@aws-sdk/types": 3.398.0
    "@smithy/property-provider": ^2.0.0
    "@smithy/types": ^2.2.2
    tslib: ^2.5.0
  checksum: 00c3fe0dbb0f58e6c769e447f5ae960e7d30fa9c6e5ed392ffbbe87356c526920e2ea18759a0a0cc2941109007ca950b43cfbb1764b2a1f076b4385333de89e5
  languageName: node
  linkType: hard

"@aws-sdk/credential-provider-ini@npm:3.405.0":
  version: 3.405.0
  resolution: "@aws-sdk/credential-provider-ini@npm:3.405.0"
  dependencies:
    "@aws-sdk/credential-provider-env": 3.398.0
    "@aws-sdk/credential-provider-process": 3.405.0
    "@aws-sdk/credential-provider-sso": 3.405.0
    "@aws-sdk/credential-provider-web-identity": 3.398.0
    "@aws-sdk/types": 3.398.0
    "@smithy/credential-provider-imds": ^2.0.0
    "@smithy/property-provider": ^2.0.0
    "@smithy/shared-ini-file-loader": ^2.0.6
    "@smithy/types": ^2.2.2
    tslib: ^2.5.0
  checksum: 49805d3600db76c42cbaac613bb2aa541bbef923d93d9cfbea746c566c6aead370251032a016f3b615402783a2f9328c3b766022e0b143c207dfd292460dfdab
  languageName: node
  linkType: hard

"@aws-sdk/credential-provider-node@npm:3.405.0":
  version: 3.405.0
  resolution: "@aws-sdk/credential-provider-node@npm:3.405.0"
  dependencies:
    "@aws-sdk/credential-provider-env": 3.398.0
    "@aws-sdk/credential-provider-ini": 3.405.0
    "@aws-sdk/credential-provider-process": 3.405.0
    "@aws-sdk/credential-provider-sso": 3.405.0
    "@aws-sdk/credential-provider-web-identity": 3.398.0
    "@aws-sdk/types": 3.398.0
    "@smithy/credential-provider-imds": ^2.0.0
    "@smithy/property-provider": ^2.0.0
    "@smithy/shared-ini-file-loader": ^2.0.6
    "@smithy/types": ^2.2.2
    tslib: ^2.5.0
  checksum: 3333ea579cc32cf4ad41d9de5e35ead4a4166fb3fc56766c3c342c39c2c51e6d292d04769a38725b742a89c9cb48cbcca150fce27d2606a305e25666c5ac4af5
  languageName: node
  linkType: hard

"@aws-sdk/credential-provider-process@npm:3.405.0":
  version: 3.405.0
  resolution: "@aws-sdk/credential-provider-process@npm:3.405.0"
  dependencies:
    "@aws-sdk/types": 3.398.0
    "@smithy/property-provider": ^2.0.0
    "@smithy/shared-ini-file-loader": ^2.0.6
    "@smithy/types": ^2.2.2
    tslib: ^2.5.0
  checksum: 54a790ececbb84c7eb37c8933158355d2fcf7a0ef8f73bdbaaa665178725532eafe2b775e7f4e17c75c7fe4bddcef92fa596880905553c0caaeb91a845995c6e
  languageName: node
  linkType: hard

"@aws-sdk/credential-provider-sso@npm:3.405.0":
  version: 3.405.0
  resolution: "@aws-sdk/credential-provider-sso@npm:3.405.0"
  dependencies:
    "@aws-sdk/client-sso": 3.405.0
    "@aws-sdk/token-providers": 3.405.0
    "@aws-sdk/types": 3.398.0
    "@smithy/property-provider": ^2.0.0
    "@smithy/shared-ini-file-loader": ^2.0.6
    "@smithy/types": ^2.2.2
    tslib: ^2.5.0
  checksum: 3475919da43fbaf095034db07eb116ed9cc8ffe0e27df8ab09d2cce31e32c270444ef633a84179950f278bd5e3dd081635d520b66537baded8597f3382e4370d
  languageName: node
  linkType: hard

"@aws-sdk/credential-provider-web-identity@npm:3.398.0":
  version: 3.398.0
  resolution: "@aws-sdk/credential-provider-web-identity@npm:3.398.0"
  dependencies:
    "@aws-sdk/types": 3.398.0
    "@smithy/property-provider": ^2.0.0
    "@smithy/types": ^2.2.2
    tslib: ^2.5.0
  checksum: 85245e5818e418d555575b49bae464b088fba51a1011c66c5c3f15fcf43075ce66e60e0f45acfe0446a7e402578aa741a125ec5a396a42be2a841d9472a6dd24
  languageName: node
  linkType: hard

"@aws-sdk/endpoint-cache@npm:3.310.0":
  version: 3.310.0
  resolution: "@aws-sdk/endpoint-cache@npm:3.310.0"
  dependencies:
    mnemonist: 0.38.3
    tslib: ^2.5.0
  checksum: b90a5cfb66fd34b54198d4c10083bbaf8208e55ca02f7e8b14a7de0b2ad5d9dbdd3b38cc50173e5a86d34885f9cffbbe3dcef234fccc98f07920fd5a7f66b773
  languageName: node
  linkType: hard

"@aws-sdk/lib-dynamodb@npm:^3.405.0":
  version: 3.405.0
  resolution: "@aws-sdk/lib-dynamodb@npm:3.405.0"
  dependencies:
    "@aws-sdk/util-dynamodb": 3.405.0
    tslib: ^2.5.0
  peerDependencies:
    "@aws-sdk/client-dynamodb": ^3.0.0
  checksum: 4f2b0e6352896c07bbbfcbeee276b3fa283da124560a939b4e7f8def69848ae6e616c5bc5e211926f64cb746374890065cf3152d9ee6ef7709d1a28b2fcce008
  languageName: node
  linkType: hard

"@aws-sdk/middleware-endpoint-discovery@npm:3.405.0":
  version: 3.405.0
  resolution: "@aws-sdk/middleware-endpoint-discovery@npm:3.405.0"
  dependencies:
    "@aws-sdk/endpoint-cache": 3.310.0
    "@aws-sdk/types": 3.398.0
    "@smithy/protocol-http": ^2.0.5
    "@smithy/types": ^2.2.2
    tslib: ^2.5.0
  checksum: 1b90653c8bd7073ffa9678460d902235b8e8e70eef923523e954a3211224c39daeace5adf56ac3cce749209ef66d64caff09b3af4f0ad45ccccd3a44068e3528
  languageName: node
  linkType: hard

"@aws-sdk/middleware-host-header@npm:3.398.0":
  version: 3.398.0
  resolution: "@aws-sdk/middleware-host-header@npm:3.398.0"
  dependencies:
    "@aws-sdk/types": 3.398.0
    "@smithy/protocol-http": ^2.0.5
    "@smithy/types": ^2.2.2
    tslib: ^2.5.0
  checksum: 58a69bca4fa5917cfec27dfe4111fda5c4b3e1c254d8048087898081774e2a2fc695f43031134a9d6ee89f725b32284238a6e3219b3d11f2908409f020c0d717
  languageName: node
  linkType: hard

"@aws-sdk/middleware-logger@npm:3.398.0":
  version: 3.398.0
  resolution: "@aws-sdk/middleware-logger@npm:3.398.0"
  dependencies:
    "@aws-sdk/types": 3.398.0
    "@smithy/types": ^2.2.2
    tslib: ^2.5.0
  checksum: 7da95e1b3550fb1523232fab758b1976cabca29450fbfe24846cea4e42a28d241665e73c567d311104a114cfa37092b8c01eac0a8dc55ddc9723b79ac9747555
  languageName: node
  linkType: hard

"@aws-sdk/middleware-recursion-detection@npm:3.398.0":
  version: 3.398.0
  resolution: "@aws-sdk/middleware-recursion-detection@npm:3.398.0"
  dependencies:
    "@aws-sdk/types": 3.398.0
    "@smithy/protocol-http": ^2.0.5
    "@smithy/types": ^2.2.2
    tslib: ^2.5.0
  checksum: ada30093a7e8b529830c7f7f2880ee28a4010d216dd9ca6d7b2e8bd2beca1a9c3d875a21feb12af4eebaec0ce0bad26f03aecca00ff363f844543f586c6ea74c
  languageName: node
  linkType: hard

"@aws-sdk/middleware-sdk-sts@npm:3.398.0":
  version: 3.398.0
  resolution: "@aws-sdk/middleware-sdk-sts@npm:3.398.0"
  dependencies:
    "@aws-sdk/middleware-signing": 3.398.0
    "@aws-sdk/types": 3.398.0
    "@smithy/types": ^2.2.2
    tslib: ^2.5.0
  checksum: 51b1c79c71e18d118e6e885e94185abefb91cace5597706a7e6fe9cac03b5be75c7219d9b2ee3182fddb9bd270aa842c51c3073700e71e1e51585e90d8b634dc
  languageName: node
  linkType: hard

"@aws-sdk/middleware-signing@npm:3.398.0":
  version: 3.398.0
  resolution: "@aws-sdk/middleware-signing@npm:3.398.0"
  dependencies:
    "@aws-sdk/types": 3.398.0
    "@smithy/property-provider": ^2.0.0
    "@smithy/protocol-http": ^2.0.5
    "@smithy/signature-v4": ^2.0.0
    "@smithy/types": ^2.2.2
    "@smithy/util-middleware": ^2.0.0
    tslib: ^2.5.0
  checksum: cba44afa280ae515285ea8b7f6c032089865696a8416bd66b4e6114ac6303ed4c4a938687f6dee20a23c003339bce95110eb854da679b107486e63cc9ead3fe6
  languageName: node
  linkType: hard

"@aws-sdk/middleware-user-agent@npm:3.398.0":
  version: 3.398.0
  resolution: "@aws-sdk/middleware-user-agent@npm:3.398.0"
  dependencies:
    "@aws-sdk/types": 3.398.0
    "@aws-sdk/util-endpoints": 3.398.0
    "@smithy/protocol-http": ^2.0.5
    "@smithy/types": ^2.2.2
    tslib: ^2.5.0
  checksum: 3113e70a1c395b565a6811d6d486941a3f159ecb412a329edf85e652509fd679556136962a303086ad913b219a6531171d1e2d427c24427d9486e66afa485952
  languageName: node
  linkType: hard

"@aws-sdk/token-providers@npm:3.405.0":
  version: 3.405.0
  resolution: "@aws-sdk/token-providers@npm:3.405.0"
  dependencies:
    "@aws-crypto/sha256-browser": 3.0.0
    "@aws-crypto/sha256-js": 3.0.0
    "@aws-sdk/middleware-host-header": 3.398.0
    "@aws-sdk/middleware-logger": 3.398.0
    "@aws-sdk/middleware-recursion-detection": 3.398.0
    "@aws-sdk/middleware-user-agent": 3.398.0
    "@aws-sdk/types": 3.398.0
    "@aws-sdk/util-endpoints": 3.398.0
    "@aws-sdk/util-user-agent-browser": 3.398.0
    "@aws-sdk/util-user-agent-node": 3.405.0
    "@smithy/config-resolver": ^2.0.5
    "@smithy/fetch-http-handler": ^2.0.5
    "@smithy/hash-node": ^2.0.5
    "@smithy/invalid-dependency": ^2.0.5
    "@smithy/middleware-content-length": ^2.0.5
    "@smithy/middleware-endpoint": ^2.0.5
    "@smithy/middleware-retry": ^2.0.5
    "@smithy/middleware-serde": ^2.0.5
    "@smithy/middleware-stack": ^2.0.0
    "@smithy/node-config-provider": ^2.0.6
    "@smithy/node-http-handler": ^2.0.5
    "@smithy/property-provider": ^2.0.0
    "@smithy/protocol-http": ^2.0.5
    "@smithy/shared-ini-file-loader": ^2.0.6
    "@smithy/smithy-client": ^2.0.5
    "@smithy/types": ^2.2.2
    "@smithy/url-parser": ^2.0.5
    "@smithy/util-base64": ^2.0.0
    "@smithy/util-body-length-browser": ^2.0.0
    "@smithy/util-body-length-node": ^2.1.0
    "@smithy/util-defaults-mode-browser": ^2.0.6
    "@smithy/util-defaults-mode-node": ^2.0.6
    "@smithy/util-retry": ^2.0.0
    "@smithy/util-utf8": ^2.0.0
    tslib: ^2.5.0
  checksum: e7a41844ade3f9b4c94451ac71eedaaa370f5c07e982f431f96b0609a1ade1a455a7a46e1e568ba481e3462e97de04d5adff34007c516737e56fcefe93b5bb3f
  languageName: node
  linkType: hard

"@aws-sdk/types@npm:3.398.0, @aws-sdk/types@npm:^3.222.0":
  version: 3.398.0
  resolution: "@aws-sdk/types@npm:3.398.0"
  dependencies:
    "@smithy/types": ^2.2.2
    tslib: ^2.5.0
  checksum: b0c3531336e3dc0a3e2524199026a2366a29a4eee07195bffd6a9d48c778924183ac9894029b1053d0f744121cec3b7d397828f2065acf37eea79d3106af1273
  languageName: node
  linkType: hard

"@aws-sdk/util-dynamodb@npm:3.405.0, @aws-sdk/util-dynamodb@npm:^3.405.0":
  version: 3.405.0
  resolution: "@aws-sdk/util-dynamodb@npm:3.405.0"
  dependencies:
    tslib: ^2.5.0
  checksum: 317afffce8a9fde0ef5016f7e0a6930627cc462e598b8135820aea70c21addf612d15dd64eb9119e7abc7270af526286e026d7479ab5e7807453a135f5c8f261
  languageName: node
  linkType: hard

"@aws-sdk/util-endpoints@npm:3.398.0":
  version: 3.398.0
  resolution: "@aws-sdk/util-endpoints@npm:3.398.0"
  dependencies:
    "@aws-sdk/types": 3.398.0
    tslib: ^2.5.0
  checksum: af7df2c99f067641a369f54baf6def9c0dd4ea433f295d80afaebad9698a73ca7b969005c9a9b38a11611618f11b5ae968de7521ddfc35e5a3fa5f1e153687e7
  languageName: node
  linkType: hard

"@aws-sdk/util-locate-window@npm:^3.0.0":
  version: 3.310.0
  resolution: "@aws-sdk/util-locate-window@npm:3.310.0"
  dependencies:
    tslib: ^2.5.0
  checksum: d552ce5f0f836ecb13d7920ae650552c56706f26a5e8abf894ba471e18775a3791869bda95269153735bac9d211efc3ba78ea01c34428c3fed4318ac693a08bc
  languageName: node
  linkType: hard

"@aws-sdk/util-user-agent-browser@npm:3.398.0":
  version: 3.398.0
  resolution: "@aws-sdk/util-user-agent-browser@npm:3.398.0"
  dependencies:
    "@aws-sdk/types": 3.398.0
    "@smithy/types": ^2.2.2
    bowser: ^2.11.0
    tslib: ^2.5.0
  checksum: 838879f9741e9c43f34bc3e4c29c60a4f43029a06808e4a91a30f943c35636bba93caf74db38f25752c206d3d2157b3ba8ef3e053d9d015e76ec76d15cacc6a8
  languageName: node
  linkType: hard

"@aws-sdk/util-user-agent-node@npm:3.405.0":
  version: 3.405.0
  resolution: "@aws-sdk/util-user-agent-node@npm:3.405.0"
  dependencies:
    "@aws-sdk/types": 3.398.0
    "@smithy/node-config-provider": ^2.0.6
    "@smithy/types": ^2.2.2
    tslib: ^2.5.0
  peerDependencies:
    aws-crt: ">=1.0.0"
  peerDependenciesMeta:
    aws-crt:
      optional: true
  checksum: e4a0fc8d5fc98b4d7fa31b786541c0e04f8977c2e6236bf0581e23bcb91592598281d196f38cab857e33cc8852f37fb17ddad1d39b751c4a0551a7735a3811c9
  languageName: node
  linkType: hard

"@aws-sdk/util-utf8-browser@npm:^3.0.0":
  version: 3.259.0
  resolution: "@aws-sdk/util-utf8-browser@npm:3.259.0"
  dependencies:
    tslib: ^2.3.1
  checksum: b6a1e580da1c9b62c749814182a7649a748ca4253edb4063aa521df97d25b76eae3359eb1680b86f71aac668e05cc05c514379bca39ebf4ba998ae4348412da8
  languageName: node
  linkType: hard

"@cspotcode/source-map-support@npm:^0.8.0":
  version: 0.8.1
  resolution: "@cspotcode/source-map-support@npm:0.8.1"
  dependencies:
    "@jridgewell/trace-mapping": 0.3.9
  checksum: 5718f267085ed8edb3e7ef210137241775e607ee18b77d95aa5bd7514f47f5019aa2d82d96b3bf342ef7aa890a346fa1044532ff7cc3009e7d24fce3ce6200fa
  languageName: node
  linkType: hard

"@jridgewell/resolve-uri@npm:^3.0.3":
  version: 3.1.1
  resolution: "@jridgewell/resolve-uri@npm:3.1.1"
  checksum: f5b441fe7900eab4f9155b3b93f9800a916257f4e8563afbcd3b5a5337b55e52bd8ae6735453b1b745457d9f6cdb16d74cd6220bbdd98cf153239e13f6cbb653
  languageName: node
  linkType: hard

"@jridgewell/sourcemap-codec@npm:^1.4.10":
  version: 1.4.15
  resolution: "@jridgewell/sourcemap-codec@npm:1.4.15"
  checksum: b881c7e503db3fc7f3c1f35a1dd2655a188cc51a3612d76efc8a6eb74728bef5606e6758ee77423e564092b4a518aba569bbb21c9bac5ab7a35b0c6ae7e344c8
  languageName: node
  linkType: hard

"@jridgewell/trace-mapping@npm:0.3.9":
  version: 0.3.9
  resolution: "@jridgewell/trace-mapping@npm:0.3.9"
  dependencies:
    "@jridgewell/resolve-uri": ^3.0.3
    "@jridgewell/sourcemap-codec": ^1.4.10
  checksum: d89597752fd88d3f3480845691a05a44bd21faac18e2185b6f436c3b0fd0c5a859fbbd9aaa92050c4052caf325ad3e10e2e1d1b64327517471b7d51babc0ddef
  languageName: node
  linkType: hard

"@smithy/abort-controller@npm:^2.0.6":
  version: 2.0.6
  resolution: "@smithy/abort-controller@npm:2.0.6"
  dependencies:
    "@smithy/types": ^2.3.0
    tslib: ^2.5.0
  checksum: f5d148b8bbd5aa93708651dee68f22b1e5adcfc78bc6dc12e325db4c374ea29965bc711448bf7a780693e9ba6b0682821a7e0a1e1227f8f71b50a3fc3ed4e9b1
  languageName: node
  linkType: hard

"@smithy/config-resolver@npm:^2.0.5, @smithy/config-resolver@npm:^2.0.6":
  version: 2.0.6
  resolution: "@smithy/config-resolver@npm:2.0.6"
  dependencies:
    "@smithy/types": ^2.3.0
    "@smithy/util-config-provider": ^2.0.0
    "@smithy/util-middleware": ^2.0.0
    tslib: ^2.5.0
  checksum: c1ebc8084c43e642917264d16124fa5cb15aab7be041eb4a99c07ffc8394ee3538040837b213617db2e3c4880384211111877f892942ea120d0cbf530fdb477d
  languageName: node
  linkType: hard

"@smithy/credential-provider-imds@npm:^2.0.0, @smithy/credential-provider-imds@npm:^2.0.8":
  version: 2.0.8
  resolution: "@smithy/credential-provider-imds@npm:2.0.8"
  dependencies:
    "@smithy/node-config-provider": ^2.0.8
    "@smithy/property-provider": ^2.0.7
    "@smithy/types": ^2.3.0
    "@smithy/url-parser": ^2.0.6
    tslib: ^2.5.0
  checksum: daec4cfdb649cef74deb6961df926425e13308d5fe95dac5878fb4c4bce2324ca4f916897596a949833eec51b3d1c5e76760ef3011f3ec6b53a28b552773f4f2
  languageName: node
  linkType: hard

"@smithy/eventstream-codec@npm:^2.0.6":
  version: 2.0.6
  resolution: "@smithy/eventstream-codec@npm:2.0.6"
  dependencies:
    "@aws-crypto/crc32": 3.0.0
    "@smithy/types": ^2.3.0
    "@smithy/util-hex-encoding": ^2.0.0
    tslib: ^2.5.0
  checksum: f45701701873637760a4ad4fd4a90c62bb4cdd242745a775d0d3250f4e323dd813c52ec6d6974d14fd60325c7ed6251800479edfad8a1de00d4f8c8361d4ca7a
  languageName: node
  linkType: hard

"@smithy/fetch-http-handler@npm:^2.0.5, @smithy/fetch-http-handler@npm:^2.1.1":
  version: 2.1.1
  resolution: "@smithy/fetch-http-handler@npm:2.1.1"
  dependencies:
    "@smithy/protocol-http": ^3.0.1
    "@smithy/querystring-builder": ^2.0.6
    "@smithy/types": ^2.3.0
    "@smithy/util-base64": ^2.0.0
    tslib: ^2.5.0
  checksum: 89b858fad9afe1097ebe96164a746e8f847c71a6e8aee8d5b5cd0f0a38790d40df17fd4e875d7a45f94973670c115af3bbc68e8ce5728642644a81ebcca2e5c5
  languageName: node
  linkType: hard

"@smithy/hash-node@npm:^2.0.5":
  version: 2.0.6
  resolution: "@smithy/hash-node@npm:2.0.6"
  dependencies:
    "@smithy/types": ^2.3.0
    "@smithy/util-buffer-from": ^2.0.0
    "@smithy/util-utf8": ^2.0.0
    tslib: ^2.5.0
  checksum: 9299995a7926d2aed8f375e12ba3745e964d3626754b3b754543fe4e40348366f2ead3e43fd55ab2c39303f62fa67c68f228feffb5fc8088567b9b3074662b7a
  languageName: node
  linkType: hard

"@smithy/invalid-dependency@npm:^2.0.5":
  version: 2.0.6
  resolution: "@smithy/invalid-dependency@npm:2.0.6"
  dependencies:
    "@smithy/types": ^2.3.0
    tslib: ^2.5.0
  checksum: 78d1ba3fc4640ffa5906547c8c7232eb25503bbd594d7199e183705adbc020c40a57bbb0846ffc629d83c9653beefcd17ee6015245124f77ed71dcbe443027a5
  languageName: node
  linkType: hard

"@smithy/is-array-buffer@npm:^2.0.0":
  version: 2.0.0
  resolution: "@smithy/is-array-buffer@npm:2.0.0"
  dependencies:
    tslib: ^2.5.0
  checksum: 6d101cf509a7818667f42d297894f88f86ef41d3cc9d02eae38bbe5e69b16edf83b8e67eb691964d859a16a4e39db1aad323d83f6ae55ae4512a14ff6406c02d
  languageName: node
  linkType: hard

"@smithy/middleware-content-length@npm:^2.0.5":
  version: 2.0.7
  resolution: "@smithy/middleware-content-length@npm:2.0.7"
  dependencies:
    "@smithy/protocol-http": ^3.0.1
    "@smithy/types": ^2.3.0
    tslib: ^2.5.0
  checksum: 815d80a7061e6bb76c01157334b6153aa3887f051ba1b679fd14a2acf0683b790878be6d75fa55bf6b89d4ead32b8516fede03a692957bbc03aa278e4b0960cc
  languageName: node
  linkType: hard

"@smithy/middleware-endpoint@npm:^2.0.5":
  version: 2.0.6
  resolution: "@smithy/middleware-endpoint@npm:2.0.6"
  dependencies:
    "@smithy/middleware-serde": ^2.0.6
    "@smithy/types": ^2.3.0
    "@smithy/url-parser": ^2.0.6
    "@smithy/util-middleware": ^2.0.0
    tslib: ^2.5.0
  checksum: 7166db0fdec8dfc52409ee5779111858fbb3c6a606fe5aa1c438571eb57952493c9256656d1cf02683e20fed13e76e73131b59747f437e45962f0d82782bdd14
  languageName: node
  linkType: hard

"@smithy/middleware-retry@npm:^2.0.5":
  version: 2.0.7
  resolution: "@smithy/middleware-retry@npm:2.0.7"
  dependencies:
    "@smithy/protocol-http": ^3.0.1
    "@smithy/service-error-classification": ^2.0.0
    "@smithy/types": ^2.3.0
    "@smithy/util-middleware": ^2.0.0
    "@smithy/util-retry": ^2.0.0
    tslib: ^2.5.0
    uuid: ^8.3.2
  checksum: 9798f93465d0fb464892c82937e2cd30806a98140041ef4acb493499ade7b031e943cb57209fdb4c52ae15e1f6d15498482e6c5aeac96d4c03d5415937eeffb9
  languageName: node
  linkType: hard

"@smithy/middleware-serde@npm:^2.0.5, @smithy/middleware-serde@npm:^2.0.6":
  version: 2.0.6
  resolution: "@smithy/middleware-serde@npm:2.0.6"
  dependencies:
    "@smithy/types": ^2.3.0
    tslib: ^2.5.0
  checksum: e5b5c12dfdea74cf9dc7966c8611d73ba58d1941a5b82c9c0b86f9b9d95d7d9c09ccb4d14e8daedf80c99840cb5a35f99a8a54875b48497b1cae378ad9aa55a1
  languageName: node
  linkType: hard

"@smithy/middleware-stack@npm:^2.0.0":
  version: 2.0.0
  resolution: "@smithy/middleware-stack@npm:2.0.0"
  dependencies:
    tslib: ^2.5.0
  checksum: dd23dff4da44964e936c5ae465de9416bb8dd67da2ae72ffe450156ad52e82475836ed5c18d82cef7edeca421b33d363889549e34482008eeb9ca0bb97f061f2
  languageName: node
  linkType: hard

"@smithy/node-config-provider@npm:^2.0.6, @smithy/node-config-provider@npm:^2.0.8":
  version: 2.0.8
  resolution: "@smithy/node-config-provider@npm:2.0.8"
  dependencies:
    "@smithy/property-provider": ^2.0.7
    "@smithy/shared-ini-file-loader": ^2.0.7
    "@smithy/types": ^2.3.0
    tslib: ^2.5.0
  checksum: e204ca66c850b26ec4f537e987c92bdc8e7ab7a8fea505440bb108800dfc9b1fa72df3520c2f2bf449863fec3e789262c1a39729e4358070ad51639114b2000c
  languageName: node
  linkType: hard

"@smithy/node-http-handler@npm:^2.0.5, @smithy/node-http-handler@npm:^2.1.1":
  version: 2.1.1
  resolution: "@smithy/node-http-handler@npm:2.1.1"
  dependencies:
    "@smithy/abort-controller": ^2.0.6
    "@smithy/protocol-http": ^3.0.1
    "@smithy/querystring-builder": ^2.0.6
    "@smithy/types": ^2.3.0
    tslib: ^2.5.0
  checksum: 4b298bcc98deefc319193549bcd7fce570bda81a954c23ed9135379d7251d89e1cfd74d7d86218e452114c5980b4fab2d4470a1d1d94bcb694deac21fe58ff4b
  languageName: node
  linkType: hard

"@smithy/property-provider@npm:^2.0.0, @smithy/property-provider@npm:^2.0.7":
  version: 2.0.7
  resolution: "@smithy/property-provider@npm:2.0.7"
  dependencies:
    "@smithy/types": ^2.3.0
    tslib: ^2.5.0
  checksum: fc95e5909c468697fc12ac0027e45274be1ed8a980776ec0b2bb58245ede0c6dbd133d4b62e29ac37b08c965495bd212f29fc6483ca535e87686b65072ef4fb4
  languageName: node
  linkType: hard

"@smithy/protocol-http@npm:^2.0.5":
  version: 2.0.5
  resolution: "@smithy/protocol-http@npm:2.0.5"
  dependencies:
    "@smithy/types": ^2.2.2
    tslib: ^2.5.0
  checksum: 0c9dbc7c90a3908626260156ec26e8fc83eb257c002a01c4f840efc19065a9397df8ebaf9ed7f521baea5b2792e3476143ae8bd7e7f21aaa454bcb894c3d1658
  languageName: node
  linkType: hard

"@smithy/protocol-http@npm:^3.0.1":
  version: 3.0.1
  resolution: "@smithy/protocol-http@npm:3.0.1"
  dependencies:
    "@smithy/types": ^2.3.0
    tslib: ^2.5.0
  checksum: 4dee1eaf03cf4420dfab9bd2528a33a251d9d518d54b80e785a828c78bfb62f5cfb2155618b84cddf2670cfe7a9e65f0b70c916b4c135f3e6054c86a281042f1
  languageName: node
  linkType: hard

"@smithy/querystring-builder@npm:^2.0.6":
  version: 2.0.6
  resolution: "@smithy/querystring-builder@npm:2.0.6"
  dependencies:
    "@smithy/types": ^2.3.0
    "@smithy/util-uri-escape": ^2.0.0
    tslib: ^2.5.0
  checksum: 2204468dca7f039afe99cc37f2ec9804fc714bd9076911ade8cbd59c5d3cfe1d8e0073125dbf15eb1d1f96cfbc34dd889a941ab80dd02d0f1c4613c40526839a
  languageName: node
  linkType: hard

"@smithy/querystring-parser@npm:^2.0.6":
  version: 2.0.6
  resolution: "@smithy/querystring-parser@npm:2.0.6"
  dependencies:
    "@smithy/types": ^2.3.0
    tslib: ^2.5.0
  checksum: 93a3969c7c8cc5849c3625c1ace66459a8cd15f9bcd48dc12d6afd7af21860d8f5db50a7cc7d39d3f34bd42d5b3b34f7e06bf430705fb8c6e2053f8f258092ba
  languageName: node
  linkType: hard

"@smithy/service-error-classification@npm:^2.0.0":
  version: 2.0.0
  resolution: "@smithy/service-error-classification@npm:2.0.0"
  checksum: f6f9b869dca8e74871c428e1277dd3700f67b0ca61de69fc838ac55187bbc602193a7d1073113ea6916892babf3f8fe4938b182fc902ce0a415928799a7e3f9a
  languageName: node
  linkType: hard

"@smithy/shared-ini-file-loader@npm:^2.0.6, @smithy/shared-ini-file-loader@npm:^2.0.7":
  version: 2.0.7
  resolution: "@smithy/shared-ini-file-loader@npm:2.0.7"
  dependencies:
    "@smithy/types": ^2.3.0
    tslib: ^2.5.0
  checksum: dc9eb9b96eaeaf16168d60addbb72aef1df8956cca17d106d7ea945b39627cba892ec32873977f99bddda87793382f8b4afcb5318919a7587e59fb2b5b178410
  languageName: node
  linkType: hard

"@smithy/signature-v4@npm:^2.0.0":
  version: 2.0.6
  resolution: "@smithy/signature-v4@npm:2.0.6"
  dependencies:
    "@smithy/eventstream-codec": ^2.0.6
    "@smithy/is-array-buffer": ^2.0.0
    "@smithy/types": ^2.3.0
    "@smithy/util-hex-encoding": ^2.0.0
    "@smithy/util-middleware": ^2.0.0
    "@smithy/util-uri-escape": ^2.0.0
    "@smithy/util-utf8": ^2.0.0
    tslib: ^2.5.0
  checksum: d916be5fecb6d8f2534c4ac1e4a90aec8b66392b593d34c070d95089d4fd7b30356af64de7bb0d6c6dda75e22e5042870fa66143fc38c0d39987f60562b65123
  languageName: node
  linkType: hard

"@smithy/smithy-client@npm:^2.0.5":
  version: 2.1.1
  resolution: "@smithy/smithy-client@npm:2.1.1"
  dependencies:
    "@smithy/middleware-stack": ^2.0.0
    "@smithy/types": ^2.3.0
    "@smithy/util-stream": ^2.0.7
    tslib: ^2.5.0
  checksum: 185c939eff51cb31a486b2f3f6e00b22b47db05b7d8432eb603c45043ae26bf6d895a0ebf58f67a54218701c16ce4144beb7ea788a1953b47aba22cfd0aa6941
  languageName: node
  linkType: hard

"@smithy/types@npm:^2.2.2, @smithy/types@npm:^2.3.0":
  version: 2.3.0
  resolution: "@smithy/types@npm:2.3.0"
  dependencies:
    tslib: ^2.5.0
  checksum: c0195be70fed780cd3063d54481b7393eec9d229c49aa05da76570a8ad1eb2478888700fbb5f004c38ce6b1c99175898639225a44c0dc474419524f4d62b8bb4
  languageName: node
  linkType: hard

"@smithy/url-parser@npm:^2.0.5, @smithy/url-parser@npm:^2.0.6":
  version: 2.0.6
  resolution: "@smithy/url-parser@npm:2.0.6"
  dependencies:
    "@smithy/querystring-parser": ^2.0.6
    "@smithy/types": ^2.3.0
    tslib: ^2.5.0
  checksum: 62fd2eb12abb514c1da9a10d20d01a6171e81a57382c87e5731b75a9a4c40ed11d467145c0802544a95372ec1a55a9317389b64de8b4628e77210dd2ddf0e7ce
  languageName: node
  linkType: hard

"@smithy/util-base64@npm:^2.0.0":
  version: 2.0.0
  resolution: "@smithy/util-base64@npm:2.0.0"
  dependencies:
    "@smithy/util-buffer-from": ^2.0.0
    tslib: ^2.5.0
  checksum: 52124a684dfac853288acd2a0ffff02559c21bf7faaa3db58a914e4acb4b1f7925fd48593e7545db87f8f962250824d1249dc8be645ecbd2c1dd1728cfe1069b
  languageName: node
  linkType: hard

"@smithy/util-body-length-browser@npm:^2.0.0":
  version: 2.0.0
  resolution: "@smithy/util-body-length-browser@npm:2.0.0"
  dependencies:
    tslib: ^2.5.0
  checksum: 4bccdd857bd24c9dcb6e9f2d5be03d59415f9a94d660ec7b3efb45e9aa04017f34c387368f176f24233a071af3b7a2b5f8236a2f5a83bfc884d24dfcc341e836
  languageName: node
  linkType: hard

"@smithy/util-body-length-node@npm:^2.1.0":
  version: 2.1.0
  resolution: "@smithy/util-body-length-node@npm:2.1.0"
  dependencies:
    tslib: ^2.5.0
  checksum: e4635251898f12e1825f2848e0b7cc9d01ec6635b3f1f71b790734bb702b88e795f6c539d42d95472dad00e50e9ff13fcf396791092b131e5834069cb8f52ed0
  languageName: node
  linkType: hard

"@smithy/util-buffer-from@npm:^2.0.0":
  version: 2.0.0
  resolution: "@smithy/util-buffer-from@npm:2.0.0"
  dependencies:
    "@smithy/is-array-buffer": ^2.0.0
    tslib: ^2.5.0
  checksum: d33cbf3e488d23390c88705ddae71b08de7a87b6453e38b508cd37a22a02e8b5be9f0cd46c1347b496c3977a815a7399b18840544ecdc4cce8cf3dcd0f5bb009
  languageName: node
  linkType: hard

"@smithy/util-config-provider@npm:^2.0.0":
  version: 2.0.0
  resolution: "@smithy/util-config-provider@npm:2.0.0"
  dependencies:
    tslib: ^2.5.0
  checksum: cdc34db5b42658a7c98652ddb2e35b31e0d76f22a051d71724927999a53467fb38fe6dcf228585544bc168cbd54ded3913e14cbc33c947d3c8a45ca518a9b7b0
  languageName: node
  linkType: hard

"@smithy/util-defaults-mode-browser@npm:^2.0.6":
  version: 2.0.7
  resolution: "@smithy/util-defaults-mode-browser@npm:2.0.7"
  dependencies:
    "@smithy/property-provider": ^2.0.7
    "@smithy/types": ^2.3.0
    bowser: ^2.11.0
    tslib: ^2.5.0
  checksum: 956e276d66fea4b9c469c13f2d7cad61386e1f9dc86751ff1d069288c928a7f7bba248a77394c0f38864c9904fe7b6a98beae16b12ddc8c6e207fa0a00386048
  languageName: node
  linkType: hard

"@smithy/util-defaults-mode-node@npm:^2.0.6":
  version: 2.0.8
  resolution: "@smithy/util-defaults-mode-node@npm:2.0.8"
  dependencies:
    "@smithy/config-resolver": ^2.0.6
    "@smithy/credential-provider-imds": ^2.0.8
    "@smithy/node-config-provider": ^2.0.8
    "@smithy/property-provider": ^2.0.7
    "@smithy/types": ^2.3.0
    tslib: ^2.5.0
  checksum: 91182a48e89d8a1318700a330a0ab132de0e29f0388eab40f178e3fb8357f63e35cb9654be0b442c01056d9c726afd1cb325b307e652b5a9de138fab8c656a71
  languageName: node
  linkType: hard

"@smithy/util-hex-encoding@npm:^2.0.0":
  version: 2.0.0
  resolution: "@smithy/util-hex-encoding@npm:2.0.0"
  dependencies:
    tslib: ^2.5.0
  checksum: 884373e089d909e3c9805bdb78f367d1f3612e4e1e6d8f0263cc82a8b9689eddc0bc80b8b58aa711bd5b48d9cb124f9996906c172e951c9dac78984459e831cf
  languageName: node
  linkType: hard

"@smithy/util-middleware@npm:^2.0.0":
  version: 2.0.0
  resolution: "@smithy/util-middleware@npm:2.0.0"
  dependencies:
    tslib: ^2.5.0
  checksum: 10401734a10e0c48ed684f20b7a34c40ed85f2e906e61adb6295963d035f2a93b524e80149a252a259a4bca3626773bf89c5eaa2423fd565358c6b4eb9b6d4e0
  languageName: node
  linkType: hard

"@smithy/util-retry@npm:^2.0.0":
  version: 2.0.0
  resolution: "@smithy/util-retry@npm:2.0.0"
  dependencies:
    "@smithy/service-error-classification": ^2.0.0
    tslib: ^2.5.0
  checksum: d5bfe5e81f41dffce6ba5aaf784f08247602d00f883c10c0de9e34a7f04f5369d7ac43901dd75eecc3864882b7390ad40885d07b3dcb35a366411b639482e673
  languageName: node
  linkType: hard

"@smithy/util-stream@npm:^2.0.7":
  version: 2.0.7
  resolution: "@smithy/util-stream@npm:2.0.7"
  dependencies:
    "@smithy/fetch-http-handler": ^2.1.1
    "@smithy/node-http-handler": ^2.1.1
    "@smithy/types": ^2.3.0
    "@smithy/util-base64": ^2.0.0
    "@smithy/util-buffer-from": ^2.0.0
    "@smithy/util-hex-encoding": ^2.0.0
    "@smithy/util-utf8": ^2.0.0
    tslib: ^2.5.0
  checksum: 0ba5377a0baa014065aba5ddedec4f474fd0b876f9d2347a0d0d3a725903a5440f9942c89b493ab2061be65553354a15554b671049ec201a505b909049632b27
  languageName: node
  linkType: hard

"@smithy/util-uri-escape@npm:^2.0.0":
  version: 2.0.0
  resolution: "@smithy/util-uri-escape@npm:2.0.0"
  dependencies:
    tslib: ^2.5.0
  checksum: d201cee524ece997c406902463b5ea0b72599994f7b3ac1d923d5645497e9ef93126d146016f13dd4afafe33b9a3e92faf4e023cf0af510b270c1b9ce3d78da8
  languageName: node
  linkType: hard

"@smithy/util-utf8@npm:^2.0.0":
  version: 2.0.0
  resolution: "@smithy/util-utf8@npm:2.0.0"
  dependencies:
    "@smithy/util-buffer-from": ^2.0.0
    tslib: ^2.5.0
  checksum: bc8cda84f85b513380a61352635b306ae50d3b92974454db32835b39bbaa38150332b89346098ba9dea2e0002e2963fcbdd622bc9b3eec7b7ea8fa3f8c7ce737
  languageName: node
  linkType: hard

"@smithy/util-waiter@npm:^2.0.5":
  version: 2.0.6
  resolution: "@smithy/util-waiter@npm:2.0.6"
  dependencies:
    "@smithy/abort-controller": ^2.0.6
    "@smithy/types": ^2.3.0
    tslib: ^2.5.0
  checksum: d38e5d9fe06fe41ee24aaea53df71161715b218c2acf81431e92847b30db053316dac3047e7f2e9bd42c4b434ed5efbcce83167769b9a24dae9ea2cf9abd07c3
  languageName: node
  linkType: hard

"@tsconfig/node10@npm:^1.0.7":
  version: 1.0.9
  resolution: "@tsconfig/node10@npm:1.0.9"
  checksum: a33ae4dc2a621c0678ac8ac4bceb8e512ae75dac65417a2ad9b022d9b5411e863c4c198b6ba9ef659e14b9fb609bbec680841a2e84c1172df7a5ffcf076539df
  languageName: node
  linkType: hard

"@tsconfig/node12@npm:^1.0.7":
  version: 1.0.11
  resolution: "@tsconfig/node12@npm:1.0.11"
  checksum: 5ce29a41b13e7897a58b8e2df11269c5395999e588b9a467386f99d1d26f6c77d1af2719e407621412520ea30517d718d5192a32403b8dfcc163bf33e40a338a
  languageName: node
  linkType: hard

"@tsconfig/node14@npm:^1.0.0":
  version: 1.0.3
  resolution: "@tsconfig/node14@npm:1.0.3"
  checksum: 19275fe80c4c8d0ad0abed6a96dbf00642e88b220b090418609c4376e1cef81bf16237bf170ad1b341452feddb8115d8dd2e5acdfdea1b27422071163dc9ba9d
  languageName: node
  linkType: hard

"@tsconfig/node16@npm:^1.0.2":
  version: 1.0.4
  resolution: "@tsconfig/node16@npm:1.0.4"
  checksum: 202319785901f942a6e1e476b872d421baec20cf09f4b266a1854060efbf78cde16a4d256e8bc949d31e6cd9a90f1e8ef8fb06af96a65e98338a2b6b0de0a0ff
  languageName: node
  linkType: hard

"@types/node@npm:^20.1.5":
  version: 20.5.7
  resolution: "@types/node@npm:20.5.7"
  checksum: fc284c8e16ddc04569730d58e87eae349eb1c3dd9020cb79a1862d9d9add6f04e7367a236f3252db8db2572f90278e250f4cd43d27d264972b54394eaba1ed76
  languageName: node
  linkType: hard

"acorn-walk@npm:^8.1.1":
  version: 8.2.0
  resolution: "acorn-walk@npm:8.2.0"
  checksum: 1715e76c01dd7b2d4ca472f9c58968516a4899378a63ad5b6c2d668bba8da21a71976c14ec5f5b75f887b6317c4ae0b897ab141c831d741dc76024d8745f1ad1
  languageName: node
  linkType: hard

"acorn@npm:^8.4.1":
  version: 8.10.0
  resolution: "acorn@npm:8.10.0"
  bin:
    acorn: bin/acorn
  checksum: 538ba38af0cc9e5ef983aee196c4b8b4d87c0c94532334fa7e065b2c8a1f85863467bb774231aae91613fcda5e68740c15d97b1967ae3394d20faddddd8af61d
  languageName: node
  linkType: hard

"arg@npm:^4.1.0":
  version: 4.1.3
  resolution: "arg@npm:4.1.3"
  checksum: 544af8dd3f60546d3e4aff084d451b96961d2267d668670199692f8d054f0415d86fc5497d0e641e91546f0aa920e7c29e5250e99fc89f5552a34b5d93b77f43
  languageName: node
  linkType: hard

"bowser@npm:^2.11.0":
  version: 2.11.0
  resolution: "bowser@npm:2.11.0"
  checksum: 29c3f01f22e703fa6644fc3b684307442df4240b6e10f6cfe1b61c6ca5721073189ca97cdeedb376081148c8518e33b1d818a57f781d70b0b70e1f31fb48814f
  languageName: node
  linkType: hard

"create-require@npm:^1.1.0":
  version: 1.1.1
  resolution: "create-require@npm:1.1.1"
  checksum: a9a1503d4390d8b59ad86f4607de7870b39cad43d929813599a23714831e81c520bddf61bcdd1f8e30f05fd3a2b71ae8538e946eb2786dc65c2bbc520f692eff
  languageName: node
  linkType: hard

"diff@npm:^4.0.1":
  version: 4.0.2
  resolution: "diff@npm:4.0.2"
  checksum: f2c09b0ce4e6b301c221addd83bf3f454c0bc00caa3dd837cf6c127d6edf7223aa2bbe3b688feea110b7f262adbfc845b757c44c8a9f8c0c5b15d8fa9ce9d20d
  languageName: node
  linkType: hard

"fast-xml-parser@npm:4.2.5":
  version: 4.2.5
  resolution: "fast-xml-parser@npm:4.2.5"
  dependencies:
    strnum: ^1.0.5
  bin:
    fxparser: src/cli/cli.js
  checksum: d32b22005504eeb207249bf40dc82d0994b5bb9ca9dcc731d335a1f425e47fe085b3cace3cf9d32172dd1a5544193c49e8615ca95b4bf95a4a4920a226b06d80
  languageName: node
  linkType: hard

"make-error@npm:^1.1.1":
  version: 1.3.6
  resolution: "make-error@npm:1.3.6"
  checksum: b86e5e0e25f7f777b77fabd8e2cbf15737972869d852a22b7e73c17623928fccb826d8e46b9951501d3f20e51ad74ba8c59ed584f610526a48f8ccf88aaec402
  languageName: node
  linkType: hard

"mnemonist@npm:0.38.3":
  version: 0.38.3
  resolution: "mnemonist@npm:0.38.3"
  dependencies:
    obliterator: ^1.6.1
  checksum: 894237fc6fd71ec0056eb4a20d9b16dbcd3d77620098dcd3888bdfe3d7a6c9b94355f480aba61a277a16e63c0b99c43f517c0bb283033f982e24b9fcae797447
  languageName: node
  linkType: hard

"obliterator@npm:^1.6.1":
  version: 1.6.1
  resolution: "obliterator@npm:1.6.1"
  checksum: 12412ce97bc9680a50ec1e865c9f106f924497f0b73c01947031079da7c9a0f5212f3a1aeea3227f7771ed4a273e42b2a2e6ff93578301c8117dbb3135770133
  languageName: node
  linkType: hard

"strnum@npm:^1.0.5":
  version: 1.0.5
  resolution: "strnum@npm:1.0.5"
  checksum: 651b2031db5da1bf4a77fdd2f116a8ac8055157c5420f5569f64879133825915ad461513e7202a16d7fec63c54fd822410d0962f8ca12385c4334891b9ae6dd2
  languageName: node
  linkType: hard

"ti-ddb@workspace:.":
  version: 0.0.0-use.local
  resolution: "ti-ddb@workspace:."
  dependencies:
    "@aws-sdk/client-dynamodb": ^3.405.0
    "@aws-sdk/lib-dynamodb": ^3.405.0
    "@aws-sdk/util-dynamodb": ^3.405.0
    "@types/node": ^20.1.5
    ts-node: ^10.9.1
    typescript: ^5.0.4
  peerDependencies:
    "@aws-sdk/client-dynamodb": ^3.0.0
    "@aws-sdk/lib-dynamodb": ^3.0.0
  languageName: unknown
  linkType: soft

"ts-node@npm:^10.9.1":
  version: 10.9.1
  resolution: "ts-node@npm:10.9.1"
  dependencies:
    "@cspotcode/source-map-support": ^0.8.0
    "@tsconfig/node10": ^1.0.7
    "@tsconfig/node12": ^1.0.7
    "@tsconfig/node14": ^1.0.0
    "@tsconfig/node16": ^1.0.2
    acorn: ^8.4.1
    acorn-walk: ^8.1.1
    arg: ^4.1.0
    create-require: ^1.1.0
    diff: ^4.0.1
    make-error: ^1.1.1
    v8-compile-cache-lib: ^3.0.1
    yn: 3.1.1
  peerDependencies:
    "@swc/core": ">=1.2.50"
    "@swc/wasm": ">=1.2.50"
    "@types/node": "*"
    typescript: ">=2.7"
  peerDependenciesMeta:
    "@swc/core":
      optional: true
    "@swc/wasm":
      optional: true
  bin:
    ts-node: dist/bin.js
    ts-node-cwd: dist/bin-cwd.js
    ts-node-esm: dist/bin-esm.js
    ts-node-script: dist/bin-script.js
    ts-node-transpile-only: dist/bin-transpile.js
    ts-script: dist/bin-script-deprecated.js
  checksum: 090adff1302ab20bd3486e6b4799e90f97726ed39e02b39e566f8ab674fd5bd5f727f43615debbfc580d33c6d9d1c6b1b3ce7d8e3cca3e20530a145ffa232c35
  languageName: node
  linkType: hard

"tslib@npm:^1.11.1":
  version: 1.14.1
  resolution: "tslib@npm:1.14.1"
  checksum: dbe628ef87f66691d5d2959b3e41b9ca0045c3ee3c7c7b906cc1e328b39f199bb1ad9e671c39025bd56122ac57dfbf7385a94843b1cc07c60a4db74795829acd
  languageName: node
  linkType: hard

"tslib@npm:^2.3.1, tslib@npm:^2.5.0":
  version: 2.6.2
  resolution: "tslib@npm:2.6.2"
  checksum: 329ea56123005922f39642318e3d1f0f8265d1e7fcb92c633e0809521da75eeaca28d2cf96d7248229deb40e5c19adf408259f4b9640afd20d13aecc1430f3ad
  languageName: node
  linkType: hard

"typescript@npm:^5.0.4":
  version: 5.2.2
  resolution: "typescript@npm:5.2.2"
  bin:
    tsc: bin/tsc
    tsserver: bin/tsserver
  checksum: 7912821dac4d962d315c36800fe387cdc0a6298dba7ec171b350b4a6e988b51d7b8f051317786db1094bd7431d526b648aba7da8236607febb26cf5b871d2d3c
  languageName: node
  linkType: hard

"typescript@patch:typescript@^5.0.4#~builtin<compat/typescript>":
  version: 5.2.2
  resolution: "typescript@patch:typescript@npm%3A5.2.2#~builtin<compat/typescript>::version=5.2.2&hash=14eedb"
  bin:
    tsc: bin/tsc
    tsserver: bin/tsserver
  checksum: 07106822b4305de3f22835cbba949a2b35451cad50888759b6818421290ff95d522b38ef7919e70fb381c5fe9c1c643d7dea22c8b31652a717ddbd57b7f4d554
  languageName: node
  linkType: hard

"uuid@npm:^8.3.2":
  version: 8.3.2
  resolution: "uuid@npm:8.3.2"
  bin:
    uuid: dist/bin/uuid
  checksum: 5575a8a75c13120e2f10e6ddc801b2c7ed7d8f3c8ac22c7ed0c7b2ba6383ec0abda88c905085d630e251719e0777045ae3236f04c812184b7c765f63a70e58df
  languageName: node
  linkType: hard

"v8-compile-cache-lib@npm:^3.0.1":
  version: 3.0.1
  resolution: "v8-compile-cache-lib@npm:3.0.1"
  checksum: 78089ad549e21bcdbfca10c08850022b22024cdcc2da9b168bcf5a73a6ed7bf01a9cebb9eac28e03cd23a684d81e0502797e88f3ccd27a32aeab1cfc44c39da0
  languageName: node
  linkType: hard

"yn@npm:3.1.1":
  version: 3.1.1
  resolution: "yn@npm:3.1.1"
  checksum: 2c487b0e149e746ef48cda9f8bad10fc83693cd69d7f9dcd8be4214e985de33a29c9e24f3c0d6bcf2288427040a8947406ab27f7af67ee9456e6b84854f02dd6
  languageName: node
  linkType: hard
